# generated by rye
# use `rye lock` or `rye sync` to update this lockfile
#
# last locked with the following flags:
#   pre: false
#   features: []
#   all-features: false
#   with-sources: false

-e file:.
apscheduler==3.10.4
    # via hisho
python-dotenv==1.0.1
    # via hisho
pytz==2024.1
    # via apscheduler
six==1.16.0
    # via apscheduler
slack-bolt==1.18.1
    # via hisho
slack-sdk==3.27.1
    # via slack-bolt
sqlalchemy==2.0.28
    # via hisho
typing-extensions==4.10.0
    # via sqlalchemy
tzlocal==5.2
    # via apscheduler
